
Microsoft Visual Studio Solution File, Format Version 12.00
# Visual Studio Version 16
VisualStudioVersion = 16.0.32901.82
MinimumVisualStudioVersion = 10.0.40219.1
Project("{FAE04EC0-301F-11D3-BF4B-00C04F79EFBC}") = "vpn", "vpn.csproj", "{B9AD7537-87AF-4647-B5B3-3B6588C2D17E}"
EndProject
Global
	GlobalSection(SolutionConfigurationPlatforms) = preSolution
		Debug|Any CPU = Debug|Any CPU
		Release|Any CPU = Release|Any CPU
	EndGlobalSection
	GlobalSection(ProjectConfigurationPlatforms) = postSolution
		{B9AD7537-87AF-4647-B5B3-3B6588C2D17E}.Debug|Any CPU.ActiveCfg = Debug|Any CPU
		{B9AD7537-87AF-4647-B5B3-3B6588C2D17E}.Debug|Any CPU.Build.0 = Debug|Any CPU
		{B9AD7537-87AF-4647-B5B3-3B6588C2D17E}.Release|Any CPU.ActiveCfg = Release|Any CPU
		{B9AD7537-87AF-4647-B5B3-3B6588C2D17E}.Release|Any CPU.Build.0 = Release|Any CPU
	EndGlobalSection
	GlobalSection(SolutionProperties) = preSolution
		HideSolutionNode = FALSE
	EndGlobalSection
	GlobalSection(ExtensibilityGlobals) = postSolution
		SolutionGuid = {9DCE864B-ADAF-4A69-BC51-4B953C062B00}
	EndGlobalSection
EndGlobal
